// !$*UTF8*$!
{
	archiveVersion = 1;
	classes = {
	};
	objectVersion = 46;
	objects = {

/* Begin PBXBuildFile section */
		714013AC1BD09A1B0051E4B8 /* AppDelegate.swift in Sources */ = {isa = PBXBuildFile; fileRef = 714013AB1BD09A1B0051E4B8 /* AppDelegate.swift */; };
		714013AE1BD09A1B0051E4B8 /* ViewController.swift in Sources */ = {isa = PBXBuildFile; fileRef = 714013AD1BD09A1B0051E4B8 /* ViewController.swift */; };
		714013B01BD09A1B0051E4B8 /* Assets.xcassets in Resources */ = {isa = PBXBuildFile; fileRef = 714013AF1BD09A1B0051E4B8 /* Assets.xcassets */; };
		714013B31BD09A1B0051E4B8 /* Main.storyboard in Resources */ = {isa = PBXBuildFile; fileRef = 714013B11BD09A1B0051E4B8 /* Main.storyboard */; };
		714013BE1BD09A1B0051E4B8 /* LEPPTests.swift in Sources */ = {isa = PBXBuildFile; fileRef = 714013BD1BD09A1B0051E4B8 /* LEPPTests.swift */; };
		714013C91BD09A1B0051E4B8 /* LEPPUITests.swift in Sources */ = {isa = PBXBuildFile; fileRef = 714013C81BD09A1B0051E4B8 /* LEPPUITests.swift */; };
		71CC5B921BD0A31400BCF25E /* pipein.swift in Sources */ = {isa = PBXBuildFile; fileRef = 71CC5B911BD0A31400BCF25E /* pipein.swift */; settings = {ASSET_TAGS = (); }; };
		71CC5B941BD0C49000BCF25E /* PreferenceViewController.swift in Sources */ = {isa = PBXBuildFile; fileRef = 71CC5B931BD0C49000BCF25E /* PreferenceViewController.swift */; settings = {ASSET_TAGS = (); }; };
/* End PBXBuildFile section */

/* Begin PBXContainerItemProxy section */
		714013BA1BD09A1B0051E4B8 /* PBXContainerItemProxy */ = {
			isa = PBXContainerItemProxy;
			containerPortal = 714013A01BD09A1B0051E4B8 /* Project object */;
			proxyType = 1;
			remoteGlobalIDString = 714013A71BD09A1B0051E4B8;
			remoteInfo = LEPP;
		};
		714013C51BD09A1B0051E4B8 /* PBXContainerItemProxy */ = {
			isa = PBXContainerItemProxy;
			containerPortal = 714013A01BD09A1B0051E4B8 /* Project object */;
			proxyType = 1;
			remoteGlobalIDString = 714013A71BD09A1B0051E4B8;
			remoteInfo = LEPP;
		};
/* End PBXContainerItemProxy section */

/* Begin PBXFileReference section */
		714013A81BD09A1B0051E4B8 /* MEPP.app */ = {isa = PBXFileReference; explicitFileType = wrapper.application; includeInIndex = 0; path = MEPP.app; sourceTree = BUILT_PRODUCTS_DIR; };
		714013AB1BD09A1B0051E4B8 /* AppDelegate.swift */ = {isa = PBXFileReference; lastKnownFileType = sourcecode.swift; path = AppDelegate.swift; sourceTree = "<group>"; };
		714013AD1BD09A1B0051E4B8 /* ViewController.swift */ = {isa = PBXFileReference; lastKnownFileType = sourcecode.swift; path = ViewController.swift; sourceTree = "<group>"; };
		714013AF1BD09A1B0051E4B8 /* Assets.xcassets */ = {isa = PBXFileReference; lastKnownFileType = folder.assetcatalog; path = Assets.xcassets; sourceTree = "<group>"; };
		714013B21BD09A1B0051E4B8 /* Base */ = {isa = PBXFileReference; lastKnownFileType = file.storyboard; name = Base; path = Base.lproj/Main.storyboard; sourceTree = "<group>"; };
		714013B41BD09A1B0051E4B8 /* Info.plist */ = {isa = PBXFileReference; lastKnownFileType = text.plist.xml; path = Info.plist; sourceTree = "<group>"; };
		714013B91BD09A1B0051E4B8 /* MEPPTests.xctest */ = {isa = PBXFileReference; explicitFileType = wrapper.cfbundle; includeInIndex = 0; path = MEPPTests.xctest; sourceTree = BUILT_PRODUCTS_DIR; };
		714013BD1BD09A1B0051E4B8 /* LEPPTests.swift */ = {isa = PBXFileReference; lastKnownFileType = sourcecode.swift; path = LEPPTests.swift; sourceTree = "<group>"; };
		714013BF1BD09A1B0051E4B8 /* Info.plist */ = {isa = PBXFileReference; lastKnownFileType = text.plist.xml; path = Info.plist; sourceTree = "<group>"; };
		714013C41BD09A1B0051E4B8 /* MEPPTests.xctest */ = {isa = PBXFileReference; explicitFileType = wrapper.cfbundle; includeInIndex = 0; path = MEPPTests.xctest; sourceTree = BUILT_PRODUCTS_DIR; };
		714013C81BD09A1B0051E4B8 /* LEPPUITests.swift */ = {isa = PBXFileReference; lastKnownFileType = sourcecode.swift; path = LEPPUITests.swift; sourceTree = "<group>"; };
		714013CA1BD09A1B0051E4B8 /* Info.plist */ = {isa = PBXFileReference; lastKnownFileType = text.plist.xml; path = Info.plist; sourceTree = "<group>"; };
		71CC5B911BD0A31400BCF25E /* pipein.swift */ = {isa = PBXFileReference; fileEncoding = 4; lastKnownFileType = sourcecode.swift; path = pipein.swift; sourceTree = "<group>"; };
		71CC5B931BD0C49000BCF25E /* PreferenceViewController.swift */ = {isa = PBXFileReference; fileEncoding = 4; lastKnownFileType = sourcecode.swift; path = PreferenceViewController.swift; sourceTree = "<group>"; };
/* End PBXFileReference section */

/* Begin PBXFrameworksBuildPhase section */
		714013A51BD09A1B0051E4B8 /* Frameworks */ = {
			isa = PBXFrameworksBuildPhase;
			buildActionMask = 2147483647;
			files = (
			);
			runOnlyForDeploymentPostprocessing = 0;
		};
		714013B61BD09A1B0051E4B8 /* Frameworks */ = {
			isa = PBXFrameworksBuildPhase;
			buildActionMask = 2147483647;
			files = (
			);
			runOnlyForDeploymentPostprocessing = 0;
		};
		714013C11BD09A1B0051E4B8 /* Frameworks */ = {
			isa = PBXFrameworksBuildPhase;
			buildActionMask = 2147483647;
			files = (
			);
			runOnlyForDeploymentPostprocessing = 0;
		};
/* End PBXFrameworksBuildPhase section */

/* Begin PBXGroup section */
		7140139F1BD09A1B0051E4B8 = {
			isa = PBXGroup;
			children = (
				714013AA1BD09A1B0051E4B8 /* MEPP */,
				714013BC1BD09A1B0051E4B8 /* LEPPTests */,
				714013C71BD09A1B0051E4B8 /* LEPPUITests */,
				714013A91BD09A1B0051E4B8 /* Products */,
			);
			sourceTree = "<group>";
		};
		714013A91BD09A1B0051E4B8 /* Products */ = {
			isa = PBXGroup;
			children = (
				714013A81BD09A1B0051E4B8 /* MEPP.app */,
				714013B91BD09A1B0051E4B8 /* MEPPTests.xctest */,
				714013C41BD09A1B0051E4B8 /* MEPPTests.xctest */,
			);
			name = Products;
			sourceTree = "<group>";
		};
		714013AA1BD09A1B0051E4B8 /* MEPP */ = {
			isa = PBXGroup;
			children = (
				71CC5B911BD0A31400BCF25E /* pipein.swift */,
				714013AB1BD09A1B0051E4B8 /* AppDelegate.swift */,
				714013AD1BD09A1B0051E4B8 /* ViewController.swift */,
				71CC5B931BD0C49000BCF25E /* PreferenceViewController.swift */,
				714013AF1BD09A1B0051E4B8 /* Assets.xcassets */,
				714013B11BD09A1B0051E4B8 /* Main.storyboard */,
				714013B41BD09A1B0051E4B8 /* Info.plist */,
			);
			name = MEPP;
			path = LEPP;
			sourceTree = "<group>";
		};
		714013BC1BD09A1B0051E4B8 /* LEPPTests */ = {
			isa = PBXGroup;
			children = (
				714013BD1BD09A1B0051E4B8 /* LEPPTests.swift */,
				714013BF1BD09A1B0051E4B8 /* Info.plist */,
			);
			path = LEPPTests;
			sourceTree = "<group>";
		};
		714013C71BD09A1B0051E4B8 /* LEPPUITests */ = {
			isa = PBXGroup;
			children = (
				714013C81BD09A1B0051E4B8 /* LEPPUITests.swift */,
				714013CA1BD09A1B0051E4B8 /* Info.plist */,
			);
			path = LEPPUITests;
			sourceTree = "<group>";
		};
/* End PBXGroup section */

/* Begin PBXNativeTarget section */
		714013A71BD09A1B0051E4B8 /* MEPP */ = {
			isa = PBXNativeTarget;
			buildConfigurationList = 714013CD1BD09A1B0051E4B8 /* Build configuration list for PBXNativeTarget "MEPP" */;
			buildPhases = (
				714013A41BD09A1B0051E4B8 /* Sources */,
				714013A51BD09A1B0051E4B8 /* Frameworks */,
				714013A61BD09A1B0051E4B8 /* Resources */,
			);
			buildRules = (
			);
			dependencies = (
			);
			name = MEPP;
			productName = LEPP;
			productReference = 714013A81BD09A1B0051E4B8 /* MEPP.app */;
			productType = "com.apple.product-type.application";
		};
		714013B81BD09A1B0051E4B8 /* MEPPTests */ = {
			isa = PBXNativeTarget;
			buildConfigurationList = 714013D01BD09A1B0051E4B8 /* Build configuration list for PBXNativeTarget "MEPPTests" */;
			buildPhases = (
				714013B51BD09A1B0051E4B8 /* Sources */,
				714013B61BD09A1B0051E4B8 /* Frameworks */,
				714013B71BD09A1B0051E4B8 /* Resources */,
			);
			buildRules = (
			);
			dependencies = (
				714013BB1BD09A1B0051E4B8 /* PBXTargetDependency */,
			);
			name = MEPPTests;
			productName = LEPPTests;
			productReference = 714013B91BD09A1B0051E4B8 /* MEPPTests.xctest */;
			productType = "com.apple.product-type.bundle.unit-test";
		};
		714013C31BD09A1B0051E4B8 /* MEPPUITests */ = {
			isa = PBXNativeTarget;
			buildConfigurationList = 714013D31BD09A1B0051E4B8 /* Build configuration list for PBXNativeTarget "MEPPUITests" */;
			buildPhases = (
				714013C01BD09A1B0051E4B8 /* Sources */,
				714013C11BD09A1B0051E4B8 /* Frameworks */,
				714013C21BD09A1B0051E4B8 /* Resources */,
			);
			buildRules = (
			);
			dependencies = (
				714013C61BD09A1B0051E4B8 /* PBXTargetDependency */,
			);
			name = MEPPUITests;
			productName = LEPPUITests;
			productReference = 714013C41BD09A1B0051E4B8 /* MEPPTests.xctest */;
			productType = "com.apple.product-type.bundle.ui-testing";
		};
/* End PBXNativeTarget section */

/* Begin PBXProject section */
		714013A01BD09A1B0051E4B8 /* Project object */ = {
			isa = PBXProject;
			attributes = {
				LastUpgradeCheck = 0700;
				ORGANIZATIONNAME = "Garet McKinley";
				TargetAttributes = {
					714013A71BD09A1B0051E4B8 = {
						CreatedOnToolsVersion = 7.0.1;
					};
					714013B81BD09A1B0051E4B8 = {
						CreatedOnToolsVersion = 7.0.1;
						TestTargetID = 714013A71BD09A1B0051E4B8;
					};
					714013C31BD09A1B0051E4B8 = {
						CreatedOnToolsVersion = 7.0.1;
						TestTargetID = 714013A71BD09A1B0051E4B8;
					};
				};
			};
			buildConfigurationList = 714013A31BD09A1B0051E4B8 /* Build configuration list for PBXProject "MEPP" */;
			compatibilityVersion = "Xcode 3.2";
			developmentRegion = English;
			hasScannedForEncodings = 0;
			knownRegions = (
				en,
				Base,
			);
			mainGroup = 7140139F1BD09A1B0051E4B8;
			productRefGroup = 714013A91BD09A1B0051E4B8 /* Products */;
			projectDirPath = "";
			projectRoot = "";
			targets = (
				714013A71BD09A1B0051E4B8 /* MEPP */,
				714013B81BD09A1B0051E4B8 /* MEPPTests */,
				714013C31BD09A1B0051E4B8 /* MEPPUITests */,
			);
		};
/* End PBXProject section */

/* Begin PBXResourcesBuildPhase section */
		714013A61BD09A1B0051E4B8 /* Resources */ = {
			isa = PBXResourcesBuildPhase;
			buildActionMask = 2147483647;
			files = (
				714013B01BD09A1B0051E4B8 /* Assets.xcassets in Resources */,
				714013B31BD09A1B0051E4B8 /* Main.storyboard in Resources */,
			);
			runOnlyForDeploymentPostprocessing = 0;
		};
		714013B71BD09A1B0051E4B8 /* Resources */ = {
			isa = PBXResourcesBuildPhase;
			buildActionMask = 2147483647;
			files = (
			);
			runOnlyForDeploymentPostprocessing = 0;
		};
		714013C21BD09A1B0051E4B8 /* Resources */ = {
			isa = PBXResourcesBuildPhase;
			buildActionMask = 2147483647;
			files = (
			);
			runOnlyForDeploymentPostprocessing = 0;
		};
/* End PBXResourcesBuildPhase section */

/* Begin PBXSourcesBuildPhase section */
		714013A41BD09A1B0051E4B8 /* Sources */ = {
			isa = PBXSourcesBuildPhase;
			buildActionMask = 2147483647;
			files = (
				71CC5B921BD0A31400BCF25E /* pipein.swift in Sources */,
				714013AE1BD09A1B0051E4B8 /* ViewController.swift in Sources */,
				714013AC1BD09A1B0051E4B8 /* AppDelegate.swift in Sources */,
				71CC5B941BD0C49000BCF25E /* PreferenceViewController.swift in Sources */,
			);
			runOnlyForDeploymentPostprocessing = 0;
		};
		714013B51BD09A1B0051E4B8 /* Sources */ = {
			isa = PBXSourcesBuildPhase;
			buildActionMask = 2147483647;
			files = (
				714013BE1BD09A1B0051E4B8 /* LEPPTests.swift in Sources */,
			);
			runOnlyForDeploymentPostprocessing = 0;
		};
		714013C01BD09A1B0051E4B8 /* Sources */ = {
			isa = PBXSourcesBuildPhase;
			buildActionMask = 2147483647;
			files = (
				714013C91BD09A1B0051E4B8 /* LEPPUITests.swift in Sources */,
			);
			runOnlyForDeploymentPostprocessing = 0;
		};
/* End PBXSourcesBuildPhase section */

/* Begin PBXTargetDependency section */
		714013BB1BD09A1B0051E4B8 /* PBXTargetDependency */ = {
			isa = PBXTargetDependency;
			target = 714013A71BD09A1B0051E4B8 /* MEPP */;
			targetProxy = 714013BA1BD09A1B0051E4B8 /* PBXContainerItemProxy */;
		};
		714013C61BD09A1B0051E4B8 /* PBXTargetDependency */ = {
			isa = PBXTargetDependency;
			target = 714013A71BD09A1B0051E4B8 /* MEPP */;
			targetProxy = 714013C51BD09A1B0051E4B8 /* PBXContainerItemProxy */;
		};
/* End PBXTargetDependency section */

/* Begin PBXVariantGroup section */
		714013B11BD09A1B0051E4B8 /* Main.storyboard */ = {
			isa = PBXVariantGroup;
			children = (
				714013B21BD09A1B0051E4B8 /* Base */,
			);
			name = Main.storyboard;
			sourceTree = "<group>";
		};
/* End PBXVariantGroup section */

/* Begin XCBuildConfiguration section */
		714013CB1BD09A1B0051E4B8 /* Debug */ = {
			isa = XCBuildConfiguration;
			buildSettings = {
				ALWAYS_SEARCH_USER_PATHS = NO;
				CLANG_CXX_LANGUAGE_STANDARD = "gnu++0x";
				CLANG_CXX_LIBRARY = "libc++";
				CLANG_ENABLE_MODULES = YES;
				CLANG_ENABLE_OBJC_ARC = YES;
				CLANG_WARN_BOOL_CONVERSION = YES;
				CLANG_WARN_CONSTANT_CONVERSION = YES;
				CLANG_WARN_DIRECT_OBJC_ISA_USAGE = YES_ERROR;
				CLANG_WARN_EMPTY_BODY = YES;
				CLANG_WARN_ENUM_CONVERSION = YES;
				CLANG_WARN_INT_CONVERSION = YES;
				CLANG_WARN_OBJC_ROOT_CLASS = YES_ERROR;
				CLANG_WARN_UNREACHABLE_CODE = YES;
				CLANG_WARN__DUPLICATE_METHOD_MATCH = YES;
				CODE_SIGN_IDENTITY = "-";
				COPY_PHASE_STRIP = NO;
				DEBUG_INFORMATION_FORMAT = dwarf;
				ENABLE_STRICT_OBJC_MSGSEND = YES;
				ENABLE_TESTABILITY = YES;
				GCC_C_LANGUAGE_STANDARD = gnu99;
				GCC_DYNAMIC_NO_PIC = NO;
				GCC_NO_COMMON_BLOCKS = YES;
				GCC_OPTIMIZATION_LEVEL = 0;
				GCC_PREPROCESSOR_DEFINITIONS = (
					"DEBUG=1",
					"$(inherited)",
				);
				GCC_WARN_64_TO_32_BIT_CONVERSION = YES;
				GCC_WARN_ABOUT_RETURN_TYPE = YES_ERROR;
				GCC_WARN_UNDECLARED_SELECTOR = YES;
				GCC_WARN_UNINITIALIZED_AUTOS = YES_AGGRESSIVE;
				GCC_WARN_UNUSED_FUNCTION = YES;
				GCC_WARN_UNUSED_VARIABLE = YES;
				MACOSX_DEPLOYMENT_TARGET = 10.11;
				MTL_ENABLE_DEBUG_INFO = YES;
				ONLY_ACTIVE_ARCH = YES;
				SDKROOT = macosx;
				SWIFT_OPTIMIZATION_LEVEL = "-Onone";
			};
			name = Debug;
		};
		714013CC1BD09A1B0051E4B8 /* Release */ = {
			isa = XCBuildConfiguration;
			buildSettings = {
				ALWAYS_SEARCH_USER_PATHS = NO;
				CLANG_CXX_LANGUAGE_STANDARD = "gnu++0x";
				CLANG_CXX_LIBRARY = "libc++";
				CLANG_ENABLE_MODULES = YES;
				CLANG_ENABLE_OBJC_ARC = YES;
				CLANG_WARN_BOOL_CONVERSION = YES;
				CLANG_WARN_CONSTANT_CONVERSION = YES;
				CLANG_WARN_DIRECT_OBJC_ISA_USAGE = YES_ERROR;
				CLANG_WARN_EMPTY_BODY = YES;
				CLANG_WARN_ENUM_CONVERSION = YES;
				CLANG_WARN_INT_CONVERSION = YES;
				CLANG_WARN_OBJC_ROOT_CLASS = YES_ERROR;
				CLANG_WARN_UNREACHABLE_CODE = YES;
				CLANG_WARN__DUPLICATE_METHOD_MATCH = YES;
				CODE_SIGN_IDENTITY = "-";
				COPY_PHASE_STRIP = NO;
				DEBUG_INFORMATION_FORMAT = "dwarf-with-dsym";
				ENABLE_NS_ASSERTIONS = NO;
				ENABLE_STRICT_OBJC_MSGSEND = YES;
				GCC_C_LANGUAGE_STANDARD = gnu99;
				GCC_NO_COMMON_BLOCKS = YES;
				GCC_WARN_64_TO_32_BIT_CONVERSION = YES;
				GCC_WARN_ABOUT_RETURN_TYPE = YES_ERROR;
				GCC_WARN_UNDECLARED_SELECTOR = YES;
				GCC_WARN_UNINITIALIZED_AUTOS = YES_AGGRESSIVE;
				GCC_WARN_UNUSED_FUNCTION = YES;
				GCC_WARN_UNUSED_VARIABLE = YES;
				MACOSX_DEPLOYMENT_TARGET = 10.11;
				MTL_ENABLE_DEBUG_INFO = NO;
				SDKROOT = macosx;
			};
			name = Release;
		};
		714013CE1BD09A1B0051E4B8 /* Debug */ = {
			isa = XCBuildConfiguration;
			buildSettings = {
				ASSETCATALOG_COMPILER_APPICON_NAME = AppIcon;
				COMBINE_HIDPI_IMAGES = YES;
				INFOPLIST_FILE = LEPP/Info.plist;
				LD_RUNPATH_SEARCH_PATHS = "$(inherited) @executable_path/../Frameworks";
				PRODUCT_BUNDLE_IDENTIFIER = com.mediachicken.MEPP;
				PRODUCT_NAME = "$(TARGET_NAME)";
			};
			name = Debug;
		};
		714013CF1BD09A1B0051E4B8 /* Release */ = {
			isa = XCBuildConfiguration;
			buildSettings = {
				ASSETCATALOG_COMPILER_APPICON_NAME = AppIcon;
				COMBINE_HIDPI_IMAGES = YES;
				INFOPLIST_FILE = LEPP/Info.plist;
				LD_RUNPATH_SEARCH_PATHS = "$(inherited) @executable_path/../Frameworks";
				PRODUCT_BUNDLE_IDENTIFIER = com.mediachicken.MEPP;
				PRODUCT_NAME = "$(TARGET_NAME)";
			};
			name = Release;
		};
		714013D11BD09A1B0051E4B8 /* Debug */ = {
			isa = XCBuildConfiguration;
			buildSettings = {
				BUNDLE_LOADER = "$(TEST_HOST)";
				COMBINE_HIDPI_IMAGES = YES;
				INFOPLIST_FILE = LEPPTests/Info.plist;
				LD_RUNPATH_SEARCH_PATHS = "$(inherited) @executable_path/../Frameworks @loader_path/../Frameworks";
				PRODUCT_BUNDLE_IDENTIFIER = com.mediachicken.LEPPTests;
				PRODUCT_NAME = MEPPTests;
				TEST_HOST = "$(BUILT_PRODUCTS_DIR)/MEPP.app/Contents/MacOS/MEPP";
			};
			name = Debug;
		};
		714013D21BD09A1B0051E4B8 /* Release */ = {
			isa = XCBuildConfiguration;
			buildSettings = {
				BUNDLE_LOADER = "$(TEST_HOST)";
				COMBINE_HIDPI_IMAGES = YES;
				INFOPLIST_FILE = LEPPTests/Info.plist;
				LD_RUNPATH_SEARCH_PATHS = "$(inherited) @executable_path/../Frameworks @loader_path/../Frameworks";
				PRODUCT_BUNDLE_IDENTIFIER = com.mediachicken.LEPPTests;
				PRODUCT_NAME = MEPPTests;
				TEST_HOST = "$(BUILT_PRODUCTS_DIR)/MEPP.app/Contents/MacOS/MEPP";
			};
			name = Release;
		};
		714013D41BD09A1B0051E4B8 /* Debug */ = {
			isa = XCBuildConfiguration;
			buildSettings = {
				COMBINE_HIDPI_IMAGES = YES;
				INFOPLIST_FILE = LEPPUITests/Info.plist;
				LD_RUNPATH_SEARCH_PATHS = "$(inherited) @executable_path/../Frameworks @loader_path/../Frameworks";
				PRODUCT_BUNDLE_IDENTIFIER = com.mediachicken.LEPPUITests;
				PRODUCT_NAME = MEPPTests;
				TEST_TARGET_NAME = LEPP;
				USES_XCTRUNNER = YES;
			};
			name = Debug;
		};
		714013D51BD09A1B0051E4B8 /* Release */ = {
			isa = XCBuildConfiguration;
			buildSettings = {
				COMBINE_HIDPI_IMAGES = YES;
				INFOPLIST_FILE = LEPPUITests/Info.plist;
				LD_RUNPATH_SEARCH_PATHS = "$(inherited) @executable_path/../Frameworks @loader_path/../Frameworks";
				PRODUCT_BUNDLE_IDENTIFIER = com.mediachicken.LEPPUITests;
				PRODUCT_NAME = MEPPTests;
				TEST_TARGET_NAME = LEPP;
				USES_XCTRUNNER = YES;
			};
			name = Release;
		};
/* End XCBuildConfiguration section */

/* Begin XCConfigurationList section */
		714013A31BD09A1B0051E4B8 /* Build configuration list for PBXProject "MEPP" */ = {
			isa = XCConfigurationList;
			buildConfigurations = (
				714013CB1BD09A1B0051E4B8 /* Debug */,
				714013CC1BD09A1B0051E4B8 /* Release */,
			);
			defaultConfigurationIsVisible = 0;
			defaultConfigurationName = Release;
		};
		714013CD1BD09A1B0051E4B8 /* Build configuration list for PBXNativeTarget "MEPP" */ = {
			isa = XCConfigurationList;
			buildConfigurations = (
				714013CE1BD09A1B0051E4B8 /* Debug */,
				714013CF1BD09A1B0051E4B8 /* Release */,
			);
			defaultConfigurationIsVisible = 0;
			defaultConfigurationName = Release;
		};
		714013D01BD09A1B0051E4B8 /* Build configuration list for PBXNativeTarget "MEPPTests" */ = {
			isa = XCConfigurationList;
			buildConfigurations = (
				714013D11BD09A1B0051E4B8 /* Debug */,
				714013D21BD09A1B0051E4B8 /* Release */,
			);
			defaultConfigurationIsVisible = 0;
			defaultConfigurationName = Release;
		};
		714013D31BD09A1B0051E4B8 /* Build configuration list for PBXNativeTarget "MEPPUITests" */ = {
			isa = XCConfigurationList;
			buildConfigurations = (
				714013D41BD09A1B0051E4B8 /* Debug */,
				714013D51BD09A1B0051E4B8 /* Release */,
			);
			defaultConfigurationIsVisible = 0;
			defaultConfigurationName = Release;
		};
/* End XCConfigurationList section */
	};
	rootObject = 714013A01BD09A1B0051E4B8 /* Project object */;
}
